<?xml version="1.0" encoding="utf-8"?>
<Project ToolsVersion="4.0" xmlns="http://schemas.microsoft.com/developer/msbuild/2003">
  <ItemGroup>
    <Filter Include="Исходные файлы">
      <UniqueIdentifier>{4FC737F1-C7A5-4376-A066-2A32D752A2FF}</UniqueIdentifier>
      <Extensions>cpp;c;cc;cxx;def;odl;idl;hpj;bat;asm;asmx</Extensions>
    </Filter>
    <Filter Include="Файлы заголовков">
      <UniqueIdentifier>{93995380-89BD-4b04-88EB-625FBE52EBFB}</UniqueIdentifier>
      <Extensions>h;hh;hpp;hxx;hm;inl;inc;xsd</Extensions>
    </Filter>
    <Filter Include="Файлы ресурсов">
      <UniqueIdentifier>{67DA6AB6-F800-4c08-8B7A-83BB121AAD01}</UniqueIdentifier>
      <Extensions>rc;ico;cur;bmp;dlg;rc2;rct;bin;rgs;gif;jpg;jpeg;jpe;resx;tiff;tif;png;wav;mfcribbon-ms</Extensions>
    </Filter>
  </ItemGroup>
  <ItemGroup>
    <None Include="data\shaders\blaze_gen_common.geom" />
    <None Include="data\shaders\blaze_part_gen_box.geom" />
    <None Include="data\shaders\dirLight.frag" />
    <None Include="data\shaders\font2D.frag" />
    <None Include="data\shaders\main_shader.frag" />
    <None Include="data\shaders\main_shader.vert" />
    <None Include="data\shaders\normal_displayer.frag" />
    <None Include="data\shaders\normal_displayer.geom" />
    <None Include="data\shaders\normal_displayer.vert" />
    <None Include="data\shaders\ortho2D.frag" />
    <None Include="data\shaders\ortho2D.vert" />
    <None Include="data\shaders\particles_render.frag" />
    <None Include="data\shaders\particles_render.geom" />
    <None Include="data\shaders\particles_render.vert" />
    <None Include="data\shaders\particles_update.frag" />
    <None Include="data\shaders\particles_update.geom" />
    <None Include="data\shaders\particles_update.vert" />
    <None Include="data\shaders\terrain.frag" />
    <None Include="data\shaders\terrain.vert" />
    <None Include="cpp.hint" />
  </ItemGroup>
  <ItemGroup>
    <ClCompile Include="assimp_model.cpp">
      <Filter>Исходные файлы</Filter>
    </ClCompile>
    <ClCompile Include="dirLight.cpp">
      <Filter>Исходные файлы</Filter>
    </ClCompile>
    <ClCompile Include="flyingCamera.cpp">
      <Filter>Исходные файлы</Filter>
    </ClCompile>
    <ClCompile Include="freeTypeFont.cpp">
      <Filter>Исходные файлы</Filter>
    </ClCompile>
    <ClCompile Include="heightmap.cpp">
      <Filter>Исходные файлы</Filter>
    </ClCompile>
    <ClCompile Include="material.cpp">
      <Filter>Исходные файлы</Filter>
    </ClCompile>
    <ClCompile Include="openGLControl.cpp">
      <Filter>Исходные файлы</Filter>
    </ClCompile>
    <ClCompile Include="particle_system_tf.cpp">
      <Filter>Исходные файлы</Filter>
    </ClCompile>
    <ClCompile Include="renderScene.cpp">
      <Filter>Исходные файлы</Filter>
    </ClCompile>
    <ClCompile Include="shaders.cpp">
      <Filter>Исходные файлы</Filter>
    </ClCompile>
    <ClCompile Include="skybox.cpp">
      <Filter>Исходные файлы</Filter>
    </ClCompile>
    <ClCompile Include="static_geometry.cpp">
      <Filter>Исходные файлы</Filter>
    </ClCompile>
    <ClCompile Include="texture.cpp">
      <Filter>Исходные файлы</Filter>
    </ClCompile>
    <ClCompile Include="vertexBufferObject.cpp">
      <Filter>Исходные файлы</Filter>
    </ClCompile>
    <ClCompile Include="win_OpenGLApp.cpp">
      <Filter>Исходные файлы</Filter>
    </ClCompile>
  </ItemGroup>
  <ItemGroup>
    <ClInclude Include="assimp_model.h">
      <Filter>Файлы заголовков</Filter>
    </ClInclude>
    <ClInclude Include="common_header.h">
      <Filter>Файлы заголовков</Filter>
    </ClInclude>
    <ClInclude Include="dirLight.h">
      <Filter>Файлы заголовков</Filter>
    </ClInclude>
    <ClInclude Include="flyingCamera.h">
      <Filter>Файлы заголовков</Filter>
    </ClInclude>
    <ClInclude Include="freeTypeFont.h">
      <Filter>Файлы заголовков</Filter>
    </ClInclude>
    <ClInclude Include="heightmap.h">
      <Filter>Файлы заголовков</Filter>
    </ClInclude>
    <ClInclude Include="material.h">
      <Filter>Файлы заголовков</Filter>
    </ClInclude>
    <ClInclude Include="openGLControl.h">
      <Filter>Файлы заголовков</Filter>
    </ClInclude>
    <ClInclude Include="particle_system_tf.h">
      <Filter>Файлы заголовков</Filter>
    </ClInclude>
    <ClInclude Include="shaders.h">
      <Filter>Файлы заголовков</Filter>
    </ClInclude>
    <ClInclude Include="skybox.h">
      <Filter>Файлы заголовков</Filter>
    </ClInclude>
    <ClInclude Include="static_geometry.h">
      <Filter>Файлы заголовков</Filter>
    </ClInclude>
    <ClInclude Include="texture.h">
      <Filter>Файлы заголовков</Filter>
    </ClInclude>
    <ClInclude Include="vertexBufferObject.h">
      <Filter>Файлы заголовков</Filter>
    </ClInclude>
    <ClInclude Include="win_OpenGLApp.h">
      <Filter>Файлы заголовков</Filter>
    </ClInclude>
  </ItemGroup>
</Project>